
Microsoft Visual Studio Solution File, Format Version 12.00
# Visual Studio Version 17
VisualStudioVersion = 17.14.36301.6 d17.14
MinimumVisualStudioVersion = 10.0.40219.1
Project("{FAE04EC0-301F-11D3-BF4B-00C04F79EFBC}") = "ProtocolCreator.Core", "ProtocolCreator.Core\ProtocolCreator.Core.csproj", "{DC585CDC-5D9A-4185-97EB-5193EA0B0DF8}"
EndProject
Project("{FAE04EC0-301F-11D3-BF4B-00C04F79EFBC}") = "ProtocolCreator.ConsoleApp", "ProtocolCreator.ConsoleApp\ProtocolCreator.ConsoleApp.csproj", "{1D4668E2-2080-4E39-8625-1DA455A38BE6}"
EndProject
Project("{FAE04EC0-301F-11D3-BF4B-00C04F79EFBC}") = "ProtocolCreator.Infrastructures", "ProtocolCreator.Infrastructures\ProtocolCreator.Infrastructures.csproj", "{90E828D1-B44B-4C16-8C92-DA192B96C3BC}"
EndProject
Global
	GlobalSection(SolutionConfigurationPlatforms) = preSolution
		Debug|Any CPU = Debug|Any CPU
		Release|Any CPU = Release|Any CPU
	EndGlobalSection
	GlobalSection(ProjectConfigurationPlatforms) = postSolution
		{DC585CDC-5D9A-4185-97EB-5193EA0B0DF8}.Debug|Any CPU.ActiveCfg = Debug|Any CPU
		{DC585CDC-5D9A-4185-97EB-5193EA0B0DF8}.Debug|Any CPU.Build.0 = Debug|Any CPU
		{DC585CDC-5D9A-4185-97EB-5193EA0B0DF8}.Release|Any CPU.ActiveCfg = Release|Any CPU
		{DC585CDC-5D9A-4185-97EB-5193EA0B0DF8}.Release|Any CPU.Build.0 = Release|Any CPU
		{1D4668E2-2080-4E39-8625-1DA455A38BE6}.Debug|Any CPU.ActiveCfg = Debug|Any CPU
		{1D4668E2-2080-4E39-8625-1DA455A38BE6}.Debug|Any CPU.Build.0 = Debug|Any CPU
		{1D4668E2-2080-4E39-8625-1DA455A38BE6}.Release|Any CPU.ActiveCfg = Release|Any CPU
		{1D4668E2-2080-4E39-8625-1DA455A38BE6}.Release|Any CPU.Build.0 = Release|Any CPU
		{90E828D1-B44B-4C16-8C92-DA192B96C3BC}.Debug|Any CPU.ActiveCfg = Debug|Any CPU
		{90E828D1-B44B-4C16-8C92-DA192B96C3BC}.Debug|Any CPU.Build.0 = Debug|Any CPU
		{90E828D1-B44B-4C16-8C92-DA192B96C3BC}.Release|Any CPU.ActiveCfg = Release|Any CPU
		{90E828D1-B44B-4C16-8C92-DA192B96C3BC}.Release|Any CPU.Build.0 = Release|Any CPU
	EndGlobalSection
	GlobalSection(SolutionProperties) = preSolution
		HideSolutionNode = FALSE
	EndGlobalSection
	GlobalSection(ExtensibilityGlobals) = postSolution
		SolutionGuid = {42A0251A-7493-4C81-9BFA-A85C3DF03AF2}
	EndGlobalSection
EndGlobal
